
Microsoft Visual Studio Solution File, Format Version 12.00
# Visual Studio Version 16
VisualStudioVersion = 16.0.31112.23
MinimumVisualStudioVersion = 10.0.40219.1
Project("{9A19103F-16F7-4668-BE54-9A1E7A4F7556}") = "SimpleStore.Infrastructure", "SimpleStore.Infrastructure\SimpleStore.Infrastructure.csproj", "{619FA717-6F63-4F96-8B43-06213B16773F}"
EndProject
Project("{9A19103F-16F7-4668-BE54-9A1E7A4F7556}") = "SimpleStore.Application", "SimpleStore.Application\SimpleStore.Application.csproj", "{09975AF5-CC17-4C2A-97F0-106F05DC8225}"
EndProject
Project("{9A19103F-16F7-4668-BE54-9A1E7A4F7556}") = "SimpleStore.Core", "SimpleStore.Core\SimpleStore.Core.csproj", "{831D7527-FFCD-4153-ADAE-87A7476637F4}"
EndProject
Project("{9A19103F-16F7-4668-BE54-9A1E7A4F7556}") = "SimpleStore.Web", "SimpleStore.Web\SimpleStore.Web.csproj", "{F6B3DA8F-FEE4-43F9-8657-DEDFBAA91443}"
EndProject
Global
	GlobalSection(SolutionConfigurationPlatforms) = preSolution
		Debug|Any CPU = Debug|Any CPU
		Release|Any CPU = Release|Any CPU
	EndGlobalSection
	GlobalSection(ProjectConfigurationPlatforms) = postSolution
		{619FA717-6F63-4F96-8B43-06213B16773F}.Debug|Any CPU.ActiveCfg = Debug|Any CPU
		{619FA717-6F63-4F96-8B43-06213B16773F}.Debug|Any CPU.Build.0 = Debug|Any CPU
		{619FA717-6F63-4F96-8B43-06213B16773F}.Release|Any CPU.ActiveCfg = Release|Any CPU
		{619FA717-6F63-4F96-8B43-06213B16773F}.Release|Any CPU.Build.0 = Release|Any CPU
		{09975AF5-CC17-4C2A-97F0-106F05DC8225}.Debug|Any CPU.ActiveCfg = Debug|Any CPU
		{09975AF5-CC17-4C2A-97F0-106F05DC8225}.Debug|Any CPU.Build.0 = Debug|Any CPU
		{09975AF5-CC17-4C2A-97F0-106F05DC8225}.Release|Any CPU.ActiveCfg = Release|Any CPU
		{09975AF5-CC17-4C2A-97F0-106F05DC8225}.Release|Any CPU.Build.0 = Release|Any CPU
		{831D7527-FFCD-4153-ADAE-87A7476637F4}.Debug|Any CPU.ActiveCfg = Debug|Any CPU
		{831D7527-FFCD-4153-ADAE-87A7476637F4}.Debug|Any CPU.Build.0 = Debug|Any CPU
		{831D7527-FFCD-4153-ADAE-87A7476637F4}.Release|Any CPU.ActiveCfg = Release|Any CPU
		{831D7527-FFCD-4153-ADAE-87A7476637F4}.Release|Any CPU.Build.0 = Release|Any CPU
		{F6B3DA8F-FEE4-43F9-8657-DEDFBAA91443}.Debug|Any CPU.ActiveCfg = Debug|Any CPU
		{F6B3DA8F-FEE4-43F9-8657-DEDFBAA91443}.Debug|Any CPU.Build.0 = Debug|Any CPU
		{F6B3DA8F-FEE4-43F9-8657-DEDFBAA91443}.Release|Any CPU.ActiveCfg = Release|Any CPU
		{F6B3DA8F-FEE4-43F9-8657-DEDFBAA91443}.Release|Any CPU.Build.0 = Release|Any CPU
	EndGlobalSection
	GlobalSection(SolutionProperties) = preSolution
		HideSolutionNode = FALSE
	EndGlobalSection
	GlobalSection(ExtensibilityGlobals) = postSolution
		SolutionGuid = {EDB6070A-C4B4-403C-968F-ED5281BB4B77}
	EndGlobalSection
EndGlobal
